
Microsoft Visual Studio Solution File, Format Version 12.00
# Visual Studio Version 17
VisualStudioVersion = 17.3.32804.467
MinimumVisualStudioVersion = 10.0.40219.1
Project("{9A19103F-16F7-4668-BE54-9A1E7A4F7556}") = "MyDiskApp", "MyDiskApp\MyDiskApp.csproj", "{9A796008-0D3C-42BF-A76A-435FAAC98461}"
EndProject
Project("{FAE04EC0-301F-11D3-BF4B-00C04F79EFBC}") = "MyDiskEF", "MyDiskEF\MyDiskEF.csproj", "{1909B28D-1201-4FEF-A197-774E5B620D2A}"
EndProject
Project("{FAE04EC0-301F-11D3-BF4B-00C04F79EFBC}") = "MyDiskServices", "MyDiskServices\MyDiskServices.csproj", "{A70DF6D6-CF24-49EB-811B-4B3F2302053C}"
EndProject
Global
	GlobalSection(SolutionConfigurationPlatforms) = preSolution
		Debug|Any CPU = Debug|Any CPU
		Release|Any CPU = Release|Any CPU
	EndGlobalSection
	GlobalSection(ProjectConfigurationPlatforms) = postSolution
		{9A796008-0D3C-42BF-A76A-435FAAC98461}.Debug|Any CPU.ActiveCfg = Debug|Any CPU
		{9A796008-0D3C-42BF-A76A-435FAAC98461}.Debug|Any CPU.Build.0 = Debug|Any CPU
		{9A796008-0D3C-42BF-A76A-435FAAC98461}.Release|Any CPU.ActiveCfg = Release|Any CPU
		{9A796008-0D3C-42BF-A76A-435FAAC98461}.Release|Any CPU.Build.0 = Release|Any CPU
		{1909B28D-1201-4FEF-A197-774E5B620D2A}.Debug|Any CPU.ActiveCfg = Debug|Any CPU
		{1909B28D-1201-4FEF-A197-774E5B620D2A}.Debug|Any CPU.Build.0 = Debug|Any CPU
		{1909B28D-1201-4FEF-A197-774E5B620D2A}.Release|Any CPU.ActiveCfg = Release|Any CPU
		{1909B28D-1201-4FEF-A197-774E5B620D2A}.Release|Any CPU.Build.0 = Release|Any CPU
		{A70DF6D6-CF24-49EB-811B-4B3F2302053C}.Debug|Any CPU.ActiveCfg = Debug|Any CPU
		{A70DF6D6-CF24-49EB-811B-4B3F2302053C}.Debug|Any CPU.Build.0 = Debug|Any CPU
		{A70DF6D6-CF24-49EB-811B-4B3F2302053C}.Release|Any CPU.ActiveCfg = Release|Any CPU
		{A70DF6D6-CF24-49EB-811B-4B3F2302053C}.Release|Any CPU.Build.0 = Release|Any CPU
	EndGlobalSection
	GlobalSection(SolutionProperties) = preSolution
		HideSolutionNode = FALSE
	EndGlobalSection
	GlobalSection(ExtensibilityGlobals) = postSolution
		SolutionGuid = {497713E2-8B9C-452D-A04D-5797778A2BA1}
	EndGlobalSection
EndGlobal
